
Microsoft Visual Studio Solution File, Format Version 12.00
# Visual Studio Version 17
VisualStudioVersion = 17.13.35913.81 d17.13
MinimumVisualStudioVersion = 10.0.40219.1
Project("{FAE04EC0-301F-11D3-BF4B-00C04F79EFBC}") = "GerenciamentoDeFuncionarios", "GerenciamentoDeFuncionarios.csproj", "{EEEF0CE2-4A90-4544-ADCE-294E0FDD72EE}"
EndProject
Global
	GlobalSection(SolutionConfigurationPlatforms) = preSolution
		Debug|Any CPU = Debug|Any CPU
		Release|Any CPU = Release|Any CPU
	EndGlobalSection
	GlobalSection(ProjectConfigurationPlatforms) = postSolution
		{EEEF0CE2-4A90-4544-ADCE-294E0FDD72EE}.Debug|Any CPU.ActiveCfg = Debug|Any CPU
		{EEEF0CE2-4A90-4544-ADCE-294E0FDD72EE}.Debug|Any CPU.Build.0 = Debug|Any CPU
		{EEEF0CE2-4A90-4544-ADCE-294E0FDD72EE}.Release|Any CPU.ActiveCfg = Release|Any CPU
		{EEEF0CE2-4A90-4544-ADCE-294E0FDD72EE}.Release|Any CPU.Build.0 = Release|Any CPU
	EndGlobalSection
	GlobalSection(SolutionProperties) = preSolution
		HideSolutionNode = FALSE
	EndGlobalSection
	GlobalSection(ExtensibilityGlobals) = postSolution
		SolutionGuid = {F7FB5DC4-D16A-48C5-9C64-5CBEC8D28C24}
	EndGlobalSection
EndGlobal
