
Microsoft Visual Studio Solution File, Format Version 12.00
# Visual Studio Version 17
VisualStudioVersion = 17.13.35913.81 d17.13
MinimumVisualStudioVersion = 10.0.40219.1
Project("{FAE04EC0-301F-11D3-BF4B-00C04F79EFBC}") = "ExercicioContador", "ExercicioContador.csproj", "{1D678BA2-0960-4A79-B8EC-E29D4A66BA9B}"
EndProject
Global
	GlobalSection(SolutionConfigurationPlatforms) = preSolution
		Debug|Any CPU = Debug|Any CPU
		Release|Any CPU = Release|Any CPU
	EndGlobalSection
	GlobalSection(ProjectConfigurationPlatforms) = postSolution
		{1D678BA2-0960-4A79-B8EC-E29D4A66BA9B}.Debug|Any CPU.ActiveCfg = Debug|Any CPU
		{1D678BA2-0960-4A79-B8EC-E29D4A66BA9B}.Debug|Any CPU.Build.0 = Debug|Any CPU
		{1D678BA2-0960-4A79-B8EC-E29D4A66BA9B}.Release|Any CPU.ActiveCfg = Release|Any CPU
		{1D678BA2-0960-4A79-B8EC-E29D4A66BA9B}.Release|Any CPU.Build.0 = Release|Any CPU
	EndGlobalSection
	GlobalSection(SolutionProperties) = preSolution
		HideSolutionNode = FALSE
	EndGlobalSection
	GlobalSection(ExtensibilityGlobals) = postSolution
		SolutionGuid = {B94D7E78-48A6-4FFE-BD88-F84AA2A3FE41}
	EndGlobalSection
EndGlobal
